
Microsoft Visual Studio Solution File, Format Version 12.00
# Visual Studio 2012
Project("{8BC9CEB8-8B4A-11D0-8D11-00A0C91BC942}") = "l2porthook", "l2porthook\l2porthook.vcxproj", "{C064C427-D672-43BF-B96D-6328D2718B88}"
EndProject
Global
	GlobalSection(SolutionConfigurationPlatforms) = preSolution
		Debug|Win32 = Debug|Win32
		Release|Win32 = Release|Win32
	EndGlobalSection
	GlobalSection(ProjectConfigurationPlatforms) = postSolution
		{C064C427-D672-43BF-B96D-6328D2718B88}.Debug|Win32.ActiveCfg = Debug|Win32
		{C064C427-D672-43BF-B96D-6328D2718B88}.Debug|Win32.Build.0 = Debug|Win32
		{C064C427-D672-43BF-B96D-6328D2718B88}.Release|Win32.ActiveCfg = Release|Win32
		{C064C427-D672-43BF-B96D-6328D2718B88}.Release|Win32.Build.0 = Release|Win32
	EndGlobalSection
	GlobalSection(SolutionProperties) = preSolution
		HideSolutionNode = FALSE
	EndGlobalSection
EndGlobal
